
Microsoft Visual Studio Solution File, Format Version 12.00
# Visual Studio Version 16
VisualStudioVersion = 16.0.29318.209
MinimumVisualStudioVersion = 10.0.40219.1
Project("{FAE04EC0-301F-11D3-BF4B-00C04F79EFBC}") = "JMS", "JMS\JMS.csproj", "{006DB615-7FB3-4F94-8B91-AE9E4434DB86}"
EndProject
Global
	GlobalSection(SolutionConfigurationPlatforms) = preSolution
		Debug|Any CPU = Debug|Any CPU
		Release|Any CPU = Release|Any CPU
	EndGlobalSection
	GlobalSection(ProjectConfigurationPlatforms) = postSolution
		{006DB615-7FB3-4F94-8B91-AE9E4434DB86}.Debug|Any CPU.ActiveCfg = Debug|Any CPU
		{006DB615-7FB3-4F94-8B91-AE9E4434DB86}.Debug|Any CPU.Build.0 = Debug|Any CPU
		{006DB615-7FB3-4F94-8B91-AE9E4434DB86}.Release|Any CPU.ActiveCfg = Release|Any CPU
		{006DB615-7FB3-4F94-8B91-AE9E4434DB86}.Release|Any CPU.Build.0 = Release|Any CPU
	EndGlobalSection
	GlobalSection(SolutionProperties) = preSolution
		HideSolutionNode = FALSE
	EndGlobalSection
	GlobalSection(ExtensibilityGlobals) = postSolution
		SolutionGuid = {FB95865A-16F9-46FF-9F8F-FC46CA465286}
	EndGlobalSection
EndGlobal
